
Microsoft Visual Studio Solution File, Format Version 12.00
# Visual Studio Version 16
VisualStudioVersion = 16.0.31424.327
MinimumVisualStudioVersion = 10.0.40219.1
Project("{FAE04EC0-301F-11D3-BF4B-00C04F79EFBC}") = "n1_inmobiliaria", "n1_inmobiliaria\n1_inmobiliaria.csproj", "{FC255A64-02A5-43D8-9558-68AF22701F63}"
EndProject
Global
	GlobalSection(SolutionConfigurationPlatforms) = preSolution
		Debug|Any CPU = Debug|Any CPU
		Release|Any CPU = Release|Any CPU
	EndGlobalSection
	GlobalSection(ProjectConfigurationPlatforms) = postSolution
		{FC255A64-02A5-43D8-9558-68AF22701F63}.Debug|Any CPU.ActiveCfg = Debug|Any CPU
		{FC255A64-02A5-43D8-9558-68AF22701F63}.Debug|Any CPU.Build.0 = Debug|Any CPU
		{FC255A64-02A5-43D8-9558-68AF22701F63}.Release|Any CPU.ActiveCfg = Release|Any CPU
		{FC255A64-02A5-43D8-9558-68AF22701F63}.Release|Any CPU.Build.0 = Release|Any CPU
	EndGlobalSection
	GlobalSection(SolutionProperties) = preSolution
		HideSolutionNode = FALSE
	EndGlobalSection
	GlobalSection(ExtensibilityGlobals) = postSolution
		SolutionGuid = {26CD75D4-5864-439C-A85A-F7D4A4565475}
	EndGlobalSection
EndGlobal
